// !$*UTF8*$!
{
	archiveVersion = 1;
	classes = {
	};
	objectVersion = 46;
	objects = {

/* Begin PBXBuildFile section */
		795010161C6414380095FD6F /* AppDelegate.swift in Sources */ = {isa = PBXBuildFile; fileRef = 795010151C6414380095FD6F /* AppDelegate.swift */; };
		795010181C6414380095FD6F /* LoginViewController.swift in Sources */ = {isa = PBXBuildFile; fileRef = 795010171C6414380095FD6F /* LoginViewController.swift */; };
		7950101B1C6414380095FD6F /* Main.storyboard in Resources */ = {isa = PBXBuildFile; fileRef = 795010191C6414380095FD6F /* Main.storyboard */; };
		7950101D1C6414380095FD6F /* Assets.xcassets in Resources */ = {isa = PBXBuildFile; fileRef = 7950101C1C6414380095FD6F /* Assets.xcassets */; };
		795010201C6414380095FD6F /* LaunchScreen.storyboard in Resources */ = {isa = PBXBuildFile; fileRef = 7950101E1C6414380095FD6F /* LaunchScreen.storyboard */; };
		7950102B1C6414380095FD6F /* InPicTests.swift in Sources */ = {isa = PBXBuildFile; fileRef = 7950102A1C6414380095FD6F /* InPicTests.swift */; };
		795010361C6414380095FD6F /* InPicUITests.swift in Sources */ = {isa = PBXBuildFile; fileRef = 795010351C6414380095FD6F /* InPicUITests.swift */; };
		795010441C6414430095FD6F /* Firebase.framework in Frameworks */ = {isa = PBXBuildFile; fileRef = 795010431C6414430095FD6F /* Firebase.framework */; };
		A209D05F1C64171A004D922D /* User.swift in Sources */ = {isa = PBXBuildFile; fileRef = A209D05E1C64171A004D922D /* User.swift */; };
		A209D0621C641733004D922D /* Comment.swift in Sources */ = {isa = PBXBuildFile; fileRef = A209D0611C641733004D922D /* Comment.swift */; };
		A209D0641C641738004D922D /* Photo.swift in Sources */ = {isa = PBXBuildFile; fileRef = A209D0631C641738004D922D /* Photo.swift */; };
		A209D0661C64173D004D922D /* Follower.swift in Sources */ = {isa = PBXBuildFile; fileRef = A209D0651C64173D004D922D /* Follower.swift */; };
		A209D0681C641744004D922D /* Like.swift in Sources */ = {isa = PBXBuildFile; fileRef = A209D0671C641744004D922D /* Like.swift */; };
		A209D06E1C641886004D922D /* MainFeedViewController.swift in Sources */ = {isa = PBXBuildFile; fileRef = A209D06D1C641886004D922D /* MainFeedViewController.swift */; };
		A209D0701C641D05004D922D /* MainFeedTableViewCell.swift in Sources */ = {isa = PBXBuildFile; fileRef = A209D06F1C641D05004D922D /* MainFeedTableViewCell.swift */; };
		A209D0721C641FD3004D922D /* ProfileViewController.swift in Sources */ = {isa = PBXBuildFile; fileRef = A209D0711C641FD3004D922D /* ProfileViewController.swift */; };
		A209D0741C642013004D922D /* DetailImageViewController.swift in Sources */ = {isa = PBXBuildFile; fileRef = A209D0731C642013004D922D /* DetailImageViewController.swift */; };
/* End PBXBuildFile section */

/* Begin PBXContainerItemProxy section */
		795010271C6414380095FD6F /* PBXContainerItemProxy */ = {
			isa = PBXContainerItemProxy;
			containerPortal = 7950100A1C6414380095FD6F /* Project object */;
			proxyType = 1;
			remoteGlobalIDString = 795010111C6414380095FD6F;
			remoteInfo = InPic;
		};
		795010321C6414380095FD6F /* PBXContainerItemProxy */ = {
			isa = PBXContainerItemProxy;
			containerPortal = 7950100A1C6414380095FD6F /* Project object */;
			proxyType = 1;
			remoteGlobalIDString = 795010111C6414380095FD6F;
			remoteInfo = InPic;
		};
/* End PBXContainerItemProxy section */

/* Begin PBXFileReference section */
		795010121C6414380095FD6F /* InPic.app */ = {isa = PBXFileReference; explicitFileType = wrapper.application; includeInIndex = 0; path = InPic.app; sourceTree = BUILT_PRODUCTS_DIR; };
		795010151C6414380095FD6F /* AppDelegate.swift */ = {isa = PBXFileReference; lastKnownFileType = sourcecode.swift; path = AppDelegate.swift; sourceTree = "<group>"; };
		795010171C6414380095FD6F /* LoginViewController.swift */ = {isa = PBXFileReference; lastKnownFileType = sourcecode.swift; path = LoginViewController.swift; sourceTree = "<group>"; };
		7950101A1C6414380095FD6F /* Base */ = {isa = PBXFileReference; lastKnownFileType = file.storyboard; name = Base; path = Base.lproj/Main.storyboard; sourceTree = "<group>"; };
		7950101C1C6414380095FD6F /* Assets.xcassets */ = {isa = PBXFileReference; lastKnownFileType = folder.assetcatalog; path = Assets.xcassets; sourceTree = "<group>"; };
		7950101F1C6414380095FD6F /* Base */ = {isa = PBXFileReference; lastKnownFileType = file.storyboard; name = Base; path = Base.lproj/LaunchScreen.storyboard; sourceTree = "<group>"; };
		795010211C6414380095FD6F /* Info.plist */ = {isa = PBXFileReference; lastKnownFileType = text.plist.xml; path = Info.plist; sourceTree = "<group>"; };
		795010261C6414380095FD6F /* InPicTests.xctest */ = {isa = PBXFileReference; explicitFileType = wrapper.cfbundle; includeInIndex = 0; path = InPicTests.xctest; sourceTree = BUILT_PRODUCTS_DIR; };
		7950102A1C6414380095FD6F /* InPicTests.swift */ = {isa = PBXFileReference; lastKnownFileType = sourcecode.swift; path = InPicTests.swift; sourceTree = "<group>"; };
		7950102C1C6414380095FD6F /* Info.plist */ = {isa = PBXFileReference; lastKnownFileType = text.plist.xml; path = Info.plist; sourceTree = "<group>"; };
		795010311C6414380095FD6F /* InPicUITests.xctest */ = {isa = PBXFileReference; explicitFileType = wrapper.cfbundle; includeInIndex = 0; path = InPicUITests.xctest; sourceTree = BUILT_PRODUCTS_DIR; };
		795010351C6414380095FD6F /* InPicUITests.swift */ = {isa = PBXFileReference; lastKnownFileType = sourcecode.swift; path = InPicUITests.swift; sourceTree = "<group>"; };
		795010371C6414380095FD6F /* Info.plist */ = {isa = PBXFileReference; lastKnownFileType = text.plist.xml; path = Info.plist; sourceTree = "<group>"; };
		795010431C6414430095FD6F /* Firebase.framework */ = {isa = PBXFileReference; lastKnownFileType = wrapper.framework; path = Firebase.framework; sourceTree = "<group>"; };
		A209D05E1C64171A004D922D /* User.swift */ = {isa = PBXFileReference; fileEncoding = 4; lastKnownFileType = sourcecode.swift; path = User.swift; sourceTree = "<group>"; };
		A209D0611C641733004D922D /* Comment.swift */ = {isa = PBXFileReference; fileEncoding = 4; lastKnownFileType = sourcecode.swift; path = Comment.swift; sourceTree = "<group>"; };
		A209D0631C641738004D922D /* Photo.swift */ = {isa = PBXFileReference; fileEncoding = 4; lastKnownFileType = sourcecode.swift; path = Photo.swift; sourceTree = "<group>"; };
		A209D0651C64173D004D922D /* Follower.swift */ = {isa = PBXFileReference; fileEncoding = 4; lastKnownFileType = sourcecode.swift; path = Follower.swift; sourceTree = "<group>"; };
		A209D0671C641744004D922D /* Like.swift */ = {isa = PBXFileReference; fileEncoding = 4; lastKnownFileType = sourcecode.swift; path = Like.swift; sourceTree = "<group>"; };
		A209D06D1C641886004D922D /* MainFeedViewController.swift */ = {isa = PBXFileReference; fileEncoding = 4; lastKnownFileType = sourcecode.swift; path = MainFeedViewController.swift; sourceTree = "<group>"; };
		A209D06F1C641D05004D922D /* MainFeedTableViewCell.swift */ = {isa = PBXFileReference; fileEncoding = 4; lastKnownFileType = sourcecode.swift; path = MainFeedTableViewCell.swift; sourceTree = "<group>"; };
		A209D0711C641FD3004D922D /* ProfileViewController.swift */ = {isa = PBXFileReference; fileEncoding = 4; lastKnownFileType = sourcecode.swift; path = ProfileViewController.swift; sourceTree = "<group>"; };
		A209D0731C642013004D922D /* DetailImageViewController.swift */ = {isa = PBXFileReference; fileEncoding = 4; lastKnownFileType = sourcecode.swift; path = DetailImageViewController.swift; sourceTree = "<group>"; };
/* End PBXFileReference section */

/* Begin PBXFrameworksBuildPhase section */
		7950100F1C6414380095FD6F /* Frameworks */ = {
			isa = PBXFrameworksBuildPhase;
			buildActionMask = 2147483647;
			files = (
				795010441C6414430095FD6F /* Firebase.framework in Frameworks */,
			);
			runOnlyForDeploymentPostprocessing = 0;
		};
		795010231C6414380095FD6F /* Frameworks */ = {
			isa = PBXFrameworksBuildPhase;
			buildActionMask = 2147483647;
			files = (
			);
			runOnlyForDeploymentPostprocessing = 0;
		};
		7950102E1C6414380095FD6F /* Frameworks */ = {
			isa = PBXFrameworksBuildPhase;
			buildActionMask = 2147483647;
			files = (
			);
			runOnlyForDeploymentPostprocessing = 0;
		};
/* End PBXFrameworksBuildPhase section */

/* Begin PBXGroup section */
		795010091C6414380095FD6F = {
			isa = PBXGroup;
			children = (
				795010141C6414380095FD6F /* InPic */,
				795010291C6414380095FD6F /* InPicTests */,
				795010341C6414380095FD6F /* InPicUITests */,
				795010131C6414380095FD6F /* Products */,
			);
			sourceTree = "<group>";
		};
		795010131C6414380095FD6F /* Products */ = {
			isa = PBXGroup;
			children = (
				795010121C6414380095FD6F /* InPic.app */,
				795010261C6414380095FD6F /* InPicTests.xctest */,
				795010311C6414380095FD6F /* InPicUITests.xctest */,
			);
			name = Products;
			sourceTree = "<group>";
		};
		795010141C6414380095FD6F /* InPic */ = {
			isa = PBXGroup;
			children = (
				795010431C6414430095FD6F /* Firebase.framework */,
				795010151C6414380095FD6F /* AppDelegate.swift */,
				A209D06A1C6417B2004D922D /* View */,
				A209D0691C641789004D922D /* Controller */,
				A209D0601C641725004D922D /* Model */,
				7950101C1C6414380095FD6F /* Assets.xcassets */,
				7950101E1C6414380095FD6F /* LaunchScreen.storyboard */,
				795010211C6414380095FD6F /* Info.plist */,
			);
			path = InPic;
			sourceTree = "<group>";
		};
		795010291C6414380095FD6F /* InPicTests */ = {
			isa = PBXGroup;
			children = (
				7950102A1C6414380095FD6F /* InPicTests.swift */,
				7950102C1C6414380095FD6F /* Info.plist */,
			);
			path = InPicTests;
			sourceTree = "<group>";
		};
		795010341C6414380095FD6F /* InPicUITests */ = {
			isa = PBXGroup;
			children = (
				795010351C6414380095FD6F /* InPicUITests.swift */,
				795010371C6414380095FD6F /* Info.plist */,
			);
			path = InPicUITests;
			sourceTree = "<group>";
		};
		A209D0601C641725004D922D /* Model */ = {
			isa = PBXGroup;
			children = (
				A209D05E1C64171A004D922D /* User.swift */,
				A209D0611C641733004D922D /* Comment.swift */,
				A209D0631C641738004D922D /* Photo.swift */,
				A209D0651C64173D004D922D /* Follower.swift */,
				A209D0671C641744004D922D /* Like.swift */,
			);
			name = Model;
			sourceTree = "<group>";
		};
		A209D0691C641789004D922D /* Controller */ = {
			isa = PBXGroup;
			children = (
				795010171C6414380095FD6F /* LoginViewController.swift */,
				A209D06D1C641886004D922D /* MainFeedViewController.swift */,
				A209D06F1C641D05004D922D /* MainFeedTableViewCell.swift */,
				A209D0711C641FD3004D922D /* ProfileViewController.swift */,
				A209D0731C642013004D922D /* DetailImageViewController.swift */,
			);
			name = Controller;
			sourceTree = "<group>";
		};
		A209D06A1C6417B2004D922D /* View */ = {
			isa = PBXGroup;
			children = (
				795010191C6414380095FD6F /* Main.storyboard */,
			);
			name = View;
			sourceTree = "<group>";
		};
/* End PBXGroup section */

/* Begin PBXNativeTarget section */
		795010111C6414380095FD6F /* InPic */ = {
			isa = PBXNativeTarget;
			buildConfigurationList = 7950103A1C6414380095FD6F /* Build configuration list for PBXNativeTarget "InPic" */;
			buildPhases = (
				7950100E1C6414380095FD6F /* Sources */,
				7950100F1C6414380095FD6F /* Frameworks */,
				795010101C6414380095FD6F /* Resources */,
			);
			buildRules = (
			);
			dependencies = (
			);
			name = InPic;
			productName = InPic;
			productReference = 795010121C6414380095FD6F /* InPic.app */;
			productType = "com.apple.product-type.application";
		};
		795010251C6414380095FD6F /* InPicTests */ = {
			isa = PBXNativeTarget;
			buildConfigurationList = 7950103D1C6414380095FD6F /* Build configuration list for PBXNativeTarget "InPicTests" */;
			buildPhases = (
				795010221C6414380095FD6F /* Sources */,
				795010231C6414380095FD6F /* Frameworks */,
				795010241C6414380095FD6F /* Resources */,
			);
			buildRules = (
			);
			dependencies = (
				795010281C6414380095FD6F /* PBXTargetDependency */,
			);
			name = InPicTests;
			productName = InPicTests;
			productReference = 795010261C6414380095FD6F /* InPicTests.xctest */;
			productType = "com.apple.product-type.bundle.unit-test";
		};
		795010301C6414380095FD6F /* InPicUITests */ = {
			isa = PBXNativeTarget;
			buildConfigurationList = 795010401C6414380095FD6F /* Build configuration list for PBXNativeTarget "InPicUITests" */;
			buildPhases = (
				7950102D1C6414380095FD6F /* Sources */,
				7950102E1C6414380095FD6F /* Frameworks */,
				7950102F1C6414380095FD6F /* Resources */,
			);
			buildRules = (
			);
			dependencies = (
				795010331C6414380095FD6F /* PBXTargetDependency */,
			);
			name = InPicUITests;
			productName = InPicUITests;
			productReference = 795010311C6414380095FD6F /* InPicUITests.xctest */;
			productType = "com.apple.product-type.bundle.ui-testing";
		};
/* End PBXNativeTarget section */

/* Begin PBXProject section */
		7950100A1C6414380095FD6F /* Project object */ = {
			isa = PBXProject;
			attributes = {
				LastSwiftUpdateCheck = 0730;
				LastUpgradeCheck = 0730;
				ORGANIZATIONNAME = "Ethan Thomas";
				TargetAttributes = {
					795010111C6414380095FD6F = {
						CreatedOnToolsVersion = 7.3;
					};
					795010251C6414380095FD6F = {
						CreatedOnToolsVersion = 7.3;
						TestTargetID = 795010111C6414380095FD6F;
					};
					795010301C6414380095FD6F = {
						CreatedOnToolsVersion = 7.3;
						TestTargetID = 795010111C6414380095FD6F;
					};
				};
			};
			buildConfigurationList = 7950100D1C6414380095FD6F /* Build configuration list for PBXProject "InPic" */;
			compatibilityVersion = "Xcode 3.2";
			developmentRegion = English;
			hasScannedForEncodings = 0;
			knownRegions = (
				en,
				Base,
			);
			mainGroup = 795010091C6414380095FD6F;
			productRefGroup = 795010131C6414380095FD6F /* Products */;
			projectDirPath = "";
			projectRoot = "";
			targets = (
				795010111C6414380095FD6F /* InPic */,
				795010251C6414380095FD6F /* InPicTests */,
				795010301C6414380095FD6F /* InPicUITests */,
			);
		};
/* End PBXProject section */

/* Begin PBXResourcesBuildPhase section */
		795010101C6414380095FD6F /* Resources */ = {
			isa = PBXResourcesBuildPhase;
			buildActionMask = 2147483647;
			files = (
				795010201C6414380095FD6F /* LaunchScreen.storyboard in Resources */,
				7950101D1C6414380095FD6F /* Assets.xcassets in Resources */,
				7950101B1C6414380095FD6F /* Main.storyboard in Resources */,
			);
			runOnlyForDeploymentPostprocessing = 0;
		};
		795010241C6414380095FD6F /* Resources */ = {
			isa = PBXResourcesBuildPhase;
			buildActionMask = 2147483647;
			files = (
			);
			runOnlyForDeploymentPostprocessing = 0;
		};
		7950102F1C6414380095FD6F /* Resources */ = {
			isa = PBXResourcesBuildPhase;
			buildActionMask = 2147483647;
			files = (
			);
			runOnlyForDeploymentPostprocessing = 0;
		};
/* End PBXResourcesBuildPhase section */

/* Begin PBXSourcesBuildPhase section */
		7950100E1C6414380095FD6F /* Sources */ = {
			isa = PBXSourcesBuildPhase;
			buildActionMask = 2147483647;
			files = (
				795010181C6414380095FD6F /* LoginViewController.swift in Sources */,
				A209D0681C641744004D922D /* Like.swift in Sources */,
				A209D0721C641FD3004D922D /* ProfileViewController.swift in Sources */,
				A209D0661C64173D004D922D /* Follower.swift in Sources */,
				795010161C6414380095FD6F /* AppDelegate.swift in Sources */,
				A209D06E1C641886004D922D /* MainFeedViewController.swift in Sources */,
				A209D05F1C64171A004D922D /* User.swift in Sources */,
				A209D0621C641733004D922D /* Comment.swift in Sources */,
				A209D0741C642013004D922D /* DetailImageViewController.swift in Sources */,
				A209D0641C641738004D922D /* Photo.swift in Sources */,
				A209D0701C641D05004D922D /* MainFeedTableViewCell.swift in Sources */,
			);
			runOnlyForDeploymentPostprocessing = 0;
		};
		795010221C6414380095FD6F /* Sources */ = {
			isa = PBXSourcesBuildPhase;
			buildActionMask = 2147483647;
			files = (
				7950102B1C6414380095FD6F /* InPicTests.swift in Sources */,
			);
			runOnlyForDeploymentPostprocessing = 0;
		};
		7950102D1C6414380095FD6F /* Sources */ = {
			isa = PBXSourcesBuildPhase;
			buildActionMask = 2147483647;
			files = (
				795010361C6414380095FD6F /* InPicUITests.swift in Sources */,
			);
			runOnlyForDeploymentPostprocessing = 0;
		};
/* End PBXSourcesBuildPhase section */

/* Begin PBXTargetDependency section */
		795010281C6414380095FD6F /* PBXTargetDependency */ = {
			isa = PBXTargetDependency;
			target = 795010111C6414380095FD6F /* InPic */;
			targetProxy = 795010271C6414380095FD6F /* PBXContainerItemProxy */;
		};
		795010331C6414380095FD6F /* PBXTargetDependency */ = {
			isa = PBXTargetDependency;
			target = 795010111C6414380095FD6F /* InPic */;
			targetProxy = 795010321C6414380095FD6F /* PBXContainerItemProxy */;
		};
/* End PBXTargetDependency section */

/* Begin PBXVariantGroup section */
		795010191C6414380095FD6F /* Main.storyboard */ = {
			isa = PBXVariantGroup;
			children = (
				7950101A1C6414380095FD6F /* Base */,
			);
			name = Main.storyboard;
			sourceTree = "<group>";
		};
		7950101E1C6414380095FD6F /* LaunchScreen.storyboard */ = {
			isa = PBXVariantGroup;
			children = (
				7950101F1C6414380095FD6F /* Base */,
			);
			name = LaunchScreen.storyboard;
			sourceTree = "<group>";
		};
/* End PBXVariantGroup section */

/* Begin XCBuildConfiguration section */
		795010381C6414380095FD6F /* Debug */ = {
			isa = XCBuildConfiguration;
			buildSettings = {
				ALWAYS_SEARCH_USER_PATHS = NO;
				CLANG_CXX_LANGUAGE_STANDARD = "gnu++0x";
				CLANG_CXX_LIBRARY = "libc++";
				CLANG_ENABLE_MODULES = YES;
				CLANG_ENABLE_OBJC_ARC = YES;
				CLANG_WARN_BOOL_CONVERSION = YES;
				CLANG_WARN_CONSTANT_CONVERSION = YES;
				CLANG_WARN_DIRECT_OBJC_ISA_USAGE = YES_ERROR;
				CLANG_WARN_EMPTY_BODY = YES;
				CLANG_WARN_ENUM_CONVERSION = YES;
				CLANG_WARN_INT_CONVERSION = YES;
				CLANG_WARN_OBJC_ROOT_CLASS = YES_ERROR;
				CLANG_WARN_UNREACHABLE_CODE = YES;
				CLANG_WARN__DUPLICATE_METHOD_MATCH = YES;
				"CODE_SIGN_IDENTITY[sdk=iphoneos*]" = "iPhone Developer";
				COPY_PHASE_STRIP = NO;
				DEBUG_INFORMATION_FORMAT = dwarf;
				ENABLE_STRICT_OBJC_MSGSEND = YES;
				ENABLE_TESTABILITY = YES;
				GCC_C_LANGUAGE_STANDARD = gnu99;
				GCC_DYNAMIC_NO_PIC = NO;
				GCC_NO_COMMON_BLOCKS = YES;
				GCC_OPTIMIZATION_LEVEL = 0;
				GCC_PREPROCESSOR_DEFINITIONS = (
					"DEBUG=1",
					"$(inherited)",
				);
				GCC_WARN_64_TO_32_BIT_CONVERSION = YES;
				GCC_WARN_ABOUT_RETURN_TYPE = YES_ERROR;
				GCC_WARN_UNDECLARED_SELECTOR = YES;
				GCC_WARN_UNINITIALIZED_AUTOS = YES_AGGRESSIVE;
				GCC_WARN_UNUSED_FUNCTION = YES;
				GCC_WARN_UNUSED_VARIABLE = YES;
				IPHONEOS_DEPLOYMENT_TARGET = 9.3;
				MTL_ENABLE_DEBUG_INFO = YES;
				ONLY_ACTIVE_ARCH = YES;
				SDKROOT = iphoneos;
				SWIFT_OPTIMIZATION_LEVEL = "-Onone";
				TARGETED_DEVICE_FAMILY = "1,2";
			};
			name = Debug;
		};
		795010391C6414380095FD6F /* Release */ = {
			isa = XCBuildConfiguration;
			buildSettings = {
				ALWAYS_SEARCH_USER_PATHS = NO;
				CLANG_CXX_LANGUAGE_STANDARD = "gnu++0x";
				CLANG_CXX_LIBRARY = "libc++";
				CLANG_ENABLE_MODULES = YES;
				CLANG_ENABLE_OBJC_ARC = YES;
				CLANG_WARN_BOOL_CONVERSION = YES;
				CLANG_WARN_CONSTANT_CONVERSION = YES;
				CLANG_WARN_DIRECT_OBJC_ISA_USAGE = YES_ERROR;
				CLANG_WARN_EMPTY_BODY = YES;
				CLANG_WARN_ENUM_CONVERSION = YES;
				CLANG_WARN_INT_CONVERSION = YES;
				CLANG_WARN_OBJC_ROOT_CLASS = YES_ERROR;
				CLANG_WARN_UNREACHABLE_CODE = YES;
				CLANG_WARN__DUPLICATE_METHOD_MATCH = YES;
				"CODE_SIGN_IDENTITY[sdk=iphoneos*]" = "iPhone Developer";
				COPY_PHASE_STRIP = NO;
				DEBUG_INFORMATION_FORMAT = "dwarf-with-dsym";
				ENABLE_NS_ASSERTIONS = NO;
				ENABLE_STRICT_OBJC_MSGSEND = YES;
				GCC_C_LANGUAGE_STANDARD = gnu99;
				GCC_NO_COMMON_BLOCKS = YES;
				GCC_WARN_64_TO_32_BIT_CONVERSION = YES;
				GCC_WARN_ABOUT_RETURN_TYPE = YES_ERROR;
				GCC_WARN_UNDECLARED_SELECTOR = YES;
				GCC_WARN_UNINITIALIZED_AUTOS = YES_AGGRESSIVE;
				GCC_WARN_UNUSED_FUNCTION = YES;
				GCC_WARN_UNUSED_VARIABLE = YES;
				IPHONEOS_DEPLOYMENT_TARGET = 9.3;
				MTL_ENABLE_DEBUG_INFO = NO;
				SDKROOT = iphoneos;
				TARGETED_DEVICE_FAMILY = "1,2";
				VALIDATE_PRODUCT = YES;
			};
			name = Release;
		};
		7950103B1C6414380095FD6F /* Debug */ = {
			isa = XCBuildConfiguration;
			buildSettings = {
				ASSETCATALOG_COMPILER_APPICON_NAME = AppIcon;
				FRAMEWORK_SEARCH_PATHS = (
					"$(inherited)",
					"$(PROJECT_DIR)/InPic",
				);
				INFOPLIST_FILE = InPic/Info.plist;
				IPHONEOS_DEPLOYMENT_TARGET = 9.2;
				LD_RUNPATH_SEARCH_PATHS = "$(inherited) @executable_path/Frameworks";
				PRODUCT_BUNDLE_IDENTIFIER = ethan.InPic;
				PRODUCT_NAME = "$(TARGET_NAME)";
			};
			name = Debug;
		};
		7950103C1C6414380095FD6F /* Release */ = {
			isa = XCBuildConfiguration;
			buildSettings = {
				ASSETCATALOG_COMPILER_APPICON_NAME = AppIcon;
				FRAMEWORK_SEARCH_PATHS = (
					"$(inherited)",
					"$(PROJECT_DIR)/InPic",
				);
				INFOPLIST_FILE = InPic/Info.plist;
				IPHONEOS_DEPLOYMENT_TARGET = 9.2;
				LD_RUNPATH_SEARCH_PATHS = "$(inherited) @executable_path/Frameworks";
				PRODUCT_BUNDLE_IDENTIFIER = ethan.InPic;
				PRODUCT_NAME = "$(TARGET_NAME)";
			};
			name = Release;
		};
		7950103E1C6414380095FD6F /* Debug */ = {
			isa = XCBuildConfiguration;
			buildSettings = {
				BUNDLE_LOADER = "$(TEST_HOST)";
				INFOPLIST_FILE = InPicTests/Info.plist;
				LD_RUNPATH_SEARCH_PATHS = "$(inherited) @executable_path/Frameworks @loader_path/Frameworks";
				PRODUCT_BUNDLE_IDENTIFIER = ethan.InPicTests;
				PRODUCT_NAME = "$(TARGET_NAME)";
				TEST_HOST = "$(BUILT_PRODUCTS_DIR)/InPic.app/InPic";
			};
			name = Debug;
		};
		7950103F1C6414380095FD6F /* Release */ = {
			isa = XCBuildConfiguration;
			buildSettings = {
				BUNDLE_LOADER = "$(TEST_HOST)";
				INFOPLIST_FILE = InPicTests/Info.plist;
				LD_RUNPATH_SEARCH_PATHS = "$(inherited) @executable_path/Frameworks @loader_path/Frameworks";
				PRODUCT_BUNDLE_IDENTIFIER = ethan.InPicTests;
				PRODUCT_NAME = "$(TARGET_NAME)";
				TEST_HOST = "$(BUILT_PRODUCTS_DIR)/InPic.app/InPic";
			};
			name = Release;
		};
		795010411C6414380095FD6F /* Debug */ = {
			isa = XCBuildConfiguration;
			buildSettings = {
				INFOPLIST_FILE = InPicUITests/Info.plist;
				LD_RUNPATH_SEARCH_PATHS = "$(inherited) @executable_path/Frameworks @loader_path/Frameworks";
				PRODUCT_BUNDLE_IDENTIFIER = ethan.InPicUITests;
				PRODUCT_NAME = "$(TARGET_NAME)";
				TEST_TARGET_NAME = InPic;
			};
			name = Debug;
		};
		795010421C6414380095FD6F /* Release */ = {
			isa = XCBuildConfiguration;
			buildSettings = {
				INFOPLIST_FILE = InPicUITests/Info.plist;
				LD_RUNPATH_SEARCH_PATHS = "$(inherited) @executable_path/Frameworks @loader_path/Frameworks";
				PRODUCT_BUNDLE_IDENTIFIER = ethan.InPicUITests;
				PRODUCT_NAME = "$(TARGET_NAME)";
				TEST_TARGET_NAME = InPic;
			};
			name = Release;
		};
/* End XCBuildConfiguration section */

/* Begin XCConfigurationList section */
		7950100D1C6414380095FD6F /* Build configuration list for PBXProject "InPic" */ = {
			isa = XCConfigurationList;
			buildConfigurations = (
				795010381C6414380095FD6F /* Debug */,
				795010391C6414380095FD6F /* Release */,
			);
			defaultConfigurationIsVisible = 0;
			defaultConfigurationName = Release;
		};
		7950103A1C6414380095FD6F /* Build configuration list for PBXNativeTarget "InPic" */ = {
			isa = XCConfigurationList;
			buildConfigurations = (
				7950103B1C6414380095FD6F /* Debug */,
				7950103C1C6414380095FD6F /* Release */,
			);
			defaultConfigurationIsVisible = 0;
			defaultConfigurationName = Release;
		};
		7950103D1C6414380095FD6F /* Build configuration list for PBXNativeTarget "InPicTests" */ = {
			isa = XCConfigurationList;
			buildConfigurations = (
				7950103E1C6414380095FD6F /* Debug */,
				7950103F1C6414380095FD6F /* Release */,
			);
			defaultConfigurationIsVisible = 0;
			defaultConfigurationName = Release;
		};
		795010401C6414380095FD6F /* Build configuration list for PBXNativeTarget "InPicUITests" */ = {
			isa = XCConfigurationList;
			buildConfigurations = (
				795010411C6414380095FD6F /* Debug */,
				795010421C6414380095FD6F /* Release */,
			);
			defaultConfigurationIsVisible = 0;
			defaultConfigurationName = Release;
		};
/* End XCConfigurationList section */
	};
	rootObject = 7950100A1C6414380095FD6F /* Project object */;
}
